// !$*UTF8*$!
{
	archiveVersion = 1;
	classes = {
	};
	objectVersion = 46;
	objects = {

/* Begin PBXBuildFile section */
		165E67ED1D1E6F81006A554A /* AppDelegate.swift in Sources */ = {isa = PBXBuildFile; fileRef = 165E67EC1D1E6F81006A554A /* AppDelegate.swift */; };
		165E67EF1D1E6F81006A554A /* ViewController.swift in Sources */ = {isa = PBXBuildFile; fileRef = 165E67EE1D1E6F81006A554A /* ViewController.swift */; };
		165E67F21D1E6F81006A554A /* Main.storyboard in Resources */ = {isa = PBXBuildFile; fileRef = 165E67F01D1E6F81006A554A /* Main.storyboard */; };
		165E67F41D1E6F81006A554A /* Assets.xcassets in Resources */ = {isa = PBXBuildFile; fileRef = 165E67F31D1E6F81006A554A /* Assets.xcassets */; };
		165E67F71D1E6F81006A554A /* LaunchScreen.storyboard in Resources */ = {isa = PBXBuildFile; fileRef = 165E67F51D1E6F81006A554A /* LaunchScreen.storyboard */; };
		16D7468E1D20D31900DCC8CD /* FJInfiniteScrollView.swift in Sources */ = {isa = PBXBuildFile; fileRef = 16D7468D1D20D31900DCC8CD /* FJInfiniteScrollView.swift */; };
		F08D38F8679D2B84EB6BED4D /* Pods_FJInfiniteScroll_Swift.framework in Frameworks */ = {isa = PBXBuildFile; fileRef = 06FBAA31070AA3E36706C16C /* Pods_FJInfiniteScroll_Swift.framework */; };
/* End PBXBuildFile section */

/* Begin PBXFileReference section */
		06FBAA31070AA3E36706C16C /* Pods_FJInfiniteScroll_Swift.framework */ = {isa = PBXFileReference; explicitFileType = wrapper.framework; includeInIndex = 0; path = Pods_FJInfiniteScroll_Swift.framework; sourceTree = BUILT_PRODUCTS_DIR; };
		165E67E91D1E6F81006A554A /* FJInfiniteScroll_Swift.app */ = {isa = PBXFileReference; explicitFileType = wrapper.application; includeInIndex = 0; path = FJInfiniteScroll_Swift.app; sourceTree = BUILT_PRODUCTS_DIR; };
		165E67EC1D1E6F81006A554A /* AppDelegate.swift */ = {isa = PBXFileReference; lastKnownFileType = sourcecode.swift; path = AppDelegate.swift; sourceTree = "<group>"; };
		165E67EE1D1E6F81006A554A /* ViewController.swift */ = {isa = PBXFileReference; lastKnownFileType = sourcecode.swift; path = ViewController.swift; sourceTree = "<group>"; };
		165E67F11D1E6F81006A554A /* Base */ = {isa = PBXFileReference; lastKnownFileType = file.storyboard; name = Base; path = Base.lproj/Main.storyboard; sourceTree = "<group>"; };
		165E67F31D1E6F81006A554A /* Assets.xcassets */ = {isa = PBXFileReference; lastKnownFileType = folder.assetcatalog; path = Assets.xcassets; sourceTree = "<group>"; };
		165E67F61D1E6F81006A554A /* Base */ = {isa = PBXFileReference; lastKnownFileType = file.storyboard; name = Base; path = Base.lproj/LaunchScreen.storyboard; sourceTree = "<group>"; };
		165E67F81D1E6F81006A554A /* Info.plist */ = {isa = PBXFileReference; lastKnownFileType = text.plist.xml; path = Info.plist; sourceTree = "<group>"; };
		16D7468C1D20D31900DCC8CD /* FJInfiniteScroll_Swift-Bridging-Header.h */ = {isa = PBXFileReference; fileEncoding = 4; lastKnownFileType = sourcecode.c.h; path = "FJInfiniteScroll_Swift-Bridging-Header.h"; sourceTree = "<group>"; };
		16D7468D1D20D31900DCC8CD /* FJInfiniteScrollView.swift */ = {isa = PBXFileReference; fileEncoding = 4; lastKnownFileType = sourcecode.swift; path = FJInfiniteScrollView.swift; sourceTree = "<group>"; };
		C86C8966B2B2A8FC75434E60 /* Pods-FJInfiniteScroll_Swift.release.xcconfig */ = {isa = PBXFileReference; includeInIndex = 1; lastKnownFileType = text.xcconfig; name = "Pods-FJInfiniteScroll_Swift.release.xcconfig"; path = "Pods/Target Support Files/Pods-FJInfiniteScroll_Swift/Pods-FJInfiniteScroll_Swift.release.xcconfig"; sourceTree = "<group>"; };
		ECF91A7A0244510F20454A90 /* Pods-FJInfiniteScroll_Swift.debug.xcconfig */ = {isa = PBXFileReference; includeInIndex = 1; lastKnownFileType = text.xcconfig; name = "Pods-FJInfiniteScroll_Swift.debug.xcconfig"; path = "Pods/Target Support Files/Pods-FJInfiniteScroll_Swift/Pods-FJInfiniteScroll_Swift.debug.xcconfig"; sourceTree = "<group>"; };
/* End PBXFileReference section */

/* Begin PBXFrameworksBuildPhase section */
		165E67E61D1E6F81006A554A /* Frameworks */ = {
			isa = PBXFrameworksBuildPhase;
			buildActionMask = 2147483647;
			files = (
				F08D38F8679D2B84EB6BED4D /* Pods_FJInfiniteScroll_Swift.framework in Frameworks */,
			);
			runOnlyForDeploymentPostprocessing = 0;
		};
/* End PBXFrameworksBuildPhase section */

/* Begin PBXGroup section */
		165E67E01D1E6F81006A554A = {
			isa = PBXGroup;
			children = (
				165E67EB1D1E6F81006A554A /* FJInfiniteScroll_Swift */,
				165E67EA1D1E6F81006A554A /* Products */,
				ACE3DCCD4E169A452455EE8A /* Pods */,
				E7AE28100A79D4F5640B720E /* Frameworks */,
			);
			sourceTree = "<group>";
		};
		165E67EA1D1E6F81006A554A /* Products */ = {
			isa = PBXGroup;
			children = (
				165E67E91D1E6F81006A554A /* FJInfiniteScroll_Swift.app */,
			);
			name = Products;
			sourceTree = "<group>";
		};
		165E67EB1D1E6F81006A554A /* FJInfiniteScroll_Swift */ = {
			isa = PBXGroup;
			children = (
				16D7468B1D20D31900DCC8CD /* FJInfiniteScrollView */,
				165E67EC1D1E6F81006A554A /* AppDelegate.swift */,
				165E67EE1D1E6F81006A554A /* ViewController.swift */,
				165E67F01D1E6F81006A554A /* Main.storyboard */,
				165E67F31D1E6F81006A554A /* Assets.xcassets */,
				165E67F51D1E6F81006A554A /* LaunchScreen.storyboard */,
				165E67F81D1E6F81006A554A /* Info.plist */,
			);
			path = FJInfiniteScroll_Swift;
			sourceTree = "<group>";
		};
		16D7468B1D20D31900DCC8CD /* FJInfiniteScrollView */ = {
			isa = PBXGroup;
			children = (
				16D7468C1D20D31900DCC8CD /* FJInfiniteScroll_Swift-Bridging-Header.h */,
				16D7468D1D20D31900DCC8CD /* FJInfiniteScrollView.swift */,
			);
			path = FJInfiniteScrollView;
			sourceTree = "<group>";
		};
		ACE3DCCD4E169A452455EE8A /* Pods */ = {
			isa = PBXGroup;
			children = (
				ECF91A7A0244510F20454A90 /* Pods-FJInfiniteScroll_Swift.debug.xcconfig */,
				C86C8966B2B2A8FC75434E60 /* Pods-FJInfiniteScroll_Swift.release.xcconfig */,
			);
			name = Pods;
			sourceTree = "<group>";
		};
		E7AE28100A79D4F5640B720E /* Frameworks */ = {
			isa = PBXGroup;
			children = (
				06FBAA31070AA3E36706C16C /* Pods_FJInfiniteScroll_Swift.framework */,
			);
			name = Frameworks;
			sourceTree = "<group>";
		};
/* End PBXGroup section */

/* Begin PBXNativeTarget section */
		165E67E81D1E6F81006A554A /* FJInfiniteScroll_Swift */ = {
			isa = PBXNativeTarget;
			buildConfigurationList = 165E67FB1D1E6F81006A554A /* Build configuration list for PBXNativeTarget "FJInfiniteScroll_Swift" */;
			buildPhases = (
				39B93C06A616B10350B83D34 /* 📦 Check Pods Manifest.lock */,
				165E67E51D1E6F81006A554A /* Sources */,
				165E67E61D1E6F81006A554A /* Frameworks */,
				165E67E71D1E6F81006A554A /* Resources */,
				4BA9E411B046A37E27B7EFB5 /* 📦 Embed Pods Frameworks */,
				53A5F90AB8DFBDD128F70403 /* 📦 Copy Pods Resources */,
			);
			buildRules = (
			);
			dependencies = (
			);
			name = FJInfiniteScroll_Swift;
			productName = FJInfiniteScroll_Swift;
			productReference = 165E67E91D1E6F81006A554A /* FJInfiniteScroll_Swift.app */;
			productType = "com.apple.product-type.application";
		};
/* End PBXNativeTarget section */

/* Begin PBXProject section */
		165E67E11D1E6F81006A554A /* Project object */ = {
			isa = PBXProject;
			attributes = {
				LastSwiftUpdateCheck = 0730;
				LastUpgradeCheck = 0730;
				ORGANIZATIONNAME = JYH;
				TargetAttributes = {
					165E67E81D1E6F81006A554A = {
						CreatedOnToolsVersion = 7.3.1;
					};
				};
			};
			buildConfigurationList = 165E67E41D1E6F81006A554A /* Build configuration list for PBXProject "FJInfiniteScroll_Swift" */;
			compatibilityVersion = "Xcode 3.2";
			developmentRegion = English;
			hasScannedForEncodings = 0;
			knownRegions = (
				en,
				Base,
			);
			mainGroup = 165E67E01D1E6F81006A554A;
			productRefGroup = 165E67EA1D1E6F81006A554A /* Products */;
			projectDirPath = "";
			projectRoot = "";
			targets = (
				165E67E81D1E6F81006A554A /* FJInfiniteScroll_Swift */,
			);
		};
/* End PBXProject section */

/* Begin PBXResourcesBuildPhase section */
		165E67E71D1E6F81006A554A /* Resources */ = {
			isa = PBXResourcesBuildPhase;
			buildActionMask = 2147483647;
			files = (
				165E67F71D1E6F81006A554A /* LaunchScreen.storyboard in Resources */,
				165E67F41D1E6F81006A554A /* Assets.xcassets in Resources */,
				165E67F21D1E6F81006A554A /* Main.storyboard in Resources */,
			);
			runOnlyForDeploymentPostprocessing = 0;
		};
/* End PBXResourcesBuildPhase section */

/* Begin PBXShellScriptBuildPhase section */
		39B93C06A616B10350B83D34 /* 📦 Check Pods Manifest.lock */ = {
			isa = PBXShellScriptBuildPhase;
			buildActionMask = 2147483647;
			files = (
			);
			inputPaths = (
			);
			name = "📦 Check Pods Manifest.lock";
			outputPaths = (
			);
			runOnlyForDeploymentPostprocessing = 0;
			shellPath = /bin/sh;
			shellScript = "diff \"${PODS_ROOT}/../Podfile.lock\" \"${PODS_ROOT}/Manifest.lock\" > /dev/null\nif [[ $? != 0 ]] ; then\n    cat << EOM\nerror: The sandbox is not in sync with the Podfile.lock. Run 'pod install' or update your CocoaPods installation.\nEOM\n    exit 1\nfi\n";
			showEnvVarsInLog = 0;
		};
		4BA9E411B046A37E27B7EFB5 /* 📦 Embed Pods Frameworks */ = {
			isa = PBXShellScriptBuildPhase;
			buildActionMask = 2147483647;
			files = (
			);
			inputPaths = (
			);
			name = "📦 Embed Pods Frameworks";
			outputPaths = (
			);
			runOnlyForDeploymentPostprocessing = 0;
			shellPath = /bin/sh;
			shellScript = "\"${SRCROOT}/Pods/Target Support Files/Pods-FJInfiniteScroll_Swift/Pods-FJInfiniteScroll_Swift-frameworks.sh\"\n";
			showEnvVarsInLog = 0;
		};
		53A5F90AB8DFBDD128F70403 /* 📦 Copy Pods Resources */ = {
			isa = PBXShellScriptBuildPhase;
			buildActionMask = 2147483647;
			files = (
			);
			inputPaths = (
			);
			name = "📦 Copy Pods Resources";
			outputPaths = (
			);
			runOnlyForDeploymentPostprocessing = 0;
			shellPath = /bin/sh;
			shellScript = "\"${SRCROOT}/Pods/Target Support Files/Pods-FJInfiniteScroll_Swift/Pods-FJInfiniteScroll_Swift-resources.sh\"\n";
			showEnvVarsInLog = 0;
		};
/* End PBXShellScriptBuildPhase section */

/* Begin PBXSourcesBuildPhase section */
		165E67E51D1E6F81006A554A /* Sources */ = {
			isa = PBXSourcesBuildPhase;
			buildActionMask = 2147483647;
			files = (
				16D7468E1D20D31900DCC8CD /* FJInfiniteScrollView.swift in Sources */,
				165E67EF1D1E6F81006A554A /* ViewController.swift in Sources */,
				165E67ED1D1E6F81006A554A /* AppDelegate.swift in Sources */,
			);
			runOnlyForDeploymentPostprocessing = 0;
		};
/* End PBXSourcesBuildPhase section */

/* Begin PBXVariantGroup section */
		165E67F01D1E6F81006A554A /* Main.storyboard */ = {
			isa = PBXVariantGroup;
			children = (
				165E67F11D1E6F81006A554A /* Base */,
			);
			name = Main.storyboard;
			sourceTree = "<group>";
		};
		165E67F51D1E6F81006A554A /* LaunchScreen.storyboard */ = {
			isa = PBXVariantGroup;
			children = (
				165E67F61D1E6F81006A554A /* Base */,
			);
			name = LaunchScreen.storyboard;
			sourceTree = "<group>";
		};
/* End PBXVariantGroup section */

/* Begin XCBuildConfiguration section */
		165E67F91D1E6F81006A554A /* Debug */ = {
			isa = XCBuildConfiguration;
			buildSettings = {
				ALWAYS_SEARCH_USER_PATHS = NO;
				CLANG_ANALYZER_NONNULL = YES;
				CLANG_CXX_LANGUAGE_STANDARD = "gnu++0x";
				CLANG_CXX_LIBRARY = "libc++";
				CLANG_ENABLE_MODULES = YES;
				CLANG_ENABLE_OBJC_ARC = YES;
				CLANG_WARN_BOOL_CONVERSION = YES;
				CLANG_WARN_CONSTANT_CONVERSION = YES;
				CLANG_WARN_DIRECT_OBJC_ISA_USAGE = YES_ERROR;
				CLANG_WARN_EMPTY_BODY = YES;
				CLANG_WARN_ENUM_CONVERSION = YES;
				CLANG_WARN_INT_CONVERSION = YES;
				CLANG_WARN_OBJC_ROOT_CLASS = YES_ERROR;
				CLANG_WARN_UNREACHABLE_CODE = YES;
				CLANG_WARN__DUPLICATE_METHOD_MATCH = YES;
				"CODE_SIGN_IDENTITY[sdk=iphoneos*]" = "iPhone Developer";
				COPY_PHASE_STRIP = NO;
				DEBUG_INFORMATION_FORMAT = dwarf;
				ENABLE_STRICT_OBJC_MSGSEND = YES;
				ENABLE_TESTABILITY = YES;
				GCC_C_LANGUAGE_STANDARD = gnu99;
				GCC_DYNAMIC_NO_PIC = NO;
				GCC_NO_COMMON_BLOCKS = YES;
				GCC_OPTIMIZATION_LEVEL = 0;
				GCC_PREPROCESSOR_DEFINITIONS = (
					"DEBUG=1",
					"$(inherited)",
				);
				GCC_WARN_64_TO_32_BIT_CONVERSION = YES;
				GCC_WARN_ABOUT_RETURN_TYPE = YES_ERROR;
				GCC_WARN_UNDECLARED_SELECTOR = YES;
				GCC_WARN_UNINITIALIZED_AUTOS = YES_AGGRESSIVE;
				GCC_WARN_UNUSED_FUNCTION = YES;
				GCC_WARN_UNUSED_VARIABLE = YES;
				IPHONEOS_DEPLOYMENT_TARGET = 9.3;
				MTL_ENABLE_DEBUG_INFO = YES;
				ONLY_ACTIVE_ARCH = YES;
				SDKROOT = iphoneos;
				SWIFT_OPTIMIZATION_LEVEL = "-Onone";
			};
			name = Debug;
		};
		165E67FA1D1E6F81006A554A /* Release */ = {
			isa = XCBuildConfiguration;
			buildSettings = {
				ALWAYS_SEARCH_USER_PATHS = NO;
				CLANG_ANALYZER_NONNULL = YES;
				CLANG_CXX_LANGUAGE_STANDARD = "gnu++0x";
				CLANG_CXX_LIBRARY = "libc++";
				CLANG_ENABLE_MODULES = YES;
				CLANG_ENABLE_OBJC_ARC = YES;
				CLANG_WARN_BOOL_CONVERSION = YES;
				CLANG_WARN_CONSTANT_CONVERSION = YES;
				CLANG_WARN_DIRECT_OBJC_ISA_USAGE = YES_ERROR;
				CLANG_WARN_EMPTY_BODY = YES;
				CLANG_WARN_ENUM_CONVERSION = YES;
				CLANG_WARN_INT_CONVERSION = YES;
				CLANG_WARN_OBJC_ROOT_CLASS = YES_ERROR;
				CLANG_WARN_UNREACHABLE_CODE = YES;
				CLANG_WARN__DUPLICATE_METHOD_MATCH = YES;
				"CODE_SIGN_IDENTITY[sdk=iphoneos*]" = "iPhone Developer";
				COPY_PHASE_STRIP = NO;
				DEBUG_INFORMATION_FORMAT = "dwarf-with-dsym";
				ENABLE_NS_ASSERTIONS = NO;
				ENABLE_STRICT_OBJC_MSGSEND = YES;
				GCC_C_LANGUAGE_STANDARD = gnu99;
				GCC_NO_COMMON_BLOCKS = YES;
				GCC_WARN_64_TO_32_BIT_CONVERSION = YES;
				GCC_WARN_ABOUT_RETURN_TYPE = YES_ERROR;
				GCC_WARN_UNDECLARED_SELECTOR = YES;
				GCC_WARN_UNINITIALIZED_AUTOS = YES_AGGRESSIVE;
				GCC_WARN_UNUSED_FUNCTION = YES;
				GCC_WARN_UNUSED_VARIABLE = YES;
				IPHONEOS_DEPLOYMENT_TARGET = 9.3;
				MTL_ENABLE_DEBUG_INFO = NO;
				SDKROOT = iphoneos;
				VALIDATE_PRODUCT = YES;
			};
			name = Release;
		};
		165E67FC1D1E6F81006A554A /* Debug */ = {
			isa = XCBuildConfiguration;
			baseConfigurationReference = ECF91A7A0244510F20454A90 /* Pods-FJInfiniteScroll_Swift.debug.xcconfig */;
			buildSettings = {
				ASSETCATALOG_COMPILER_APPICON_NAME = AppIcon;
				CLANG_ENABLE_MODULES = YES;
				INFOPLIST_FILE = FJInfiniteScroll_Swift/Info.plist;
				LD_RUNPATH_SEARCH_PATHS = "$(inherited) @executable_path/Frameworks";
				PRODUCT_BUNDLE_IDENTIFIER = "cn.antrice.FJInfiniteScroll-Swift";
				PRODUCT_NAME = "$(TARGET_NAME)";
				SWIFT_OBJC_BRIDGING_HEADER = "FJInfiniteScroll_Swift/FJInfiniteScroll_Swift-Bridging-Header.h";
				SWIFT_OPTIMIZATION_LEVEL = "-Onone";
			};
			name = Debug;
		};
		165E67FD1D1E6F81006A554A /* Release */ = {
			isa = XCBuildConfiguration;
			baseConfigurationReference = C86C8966B2B2A8FC75434E60 /* Pods-FJInfiniteScroll_Swift.release.xcconfig */;
			buildSettings = {
				ASSETCATALOG_COMPILER_APPICON_NAME = AppIcon;
				CLANG_ENABLE_MODULES = YES;
				INFOPLIST_FILE = FJInfiniteScroll_Swift/Info.plist;
				LD_RUNPATH_SEARCH_PATHS = "$(inherited) @executable_path/Frameworks";
				PRODUCT_BUNDLE_IDENTIFIER = "cn.antrice.FJInfiniteScroll-Swift";
				PRODUCT_NAME = "$(TARGET_NAME)";
				SWIFT_OBJC_BRIDGING_HEADER = "FJInfiniteScroll_Swift/FJInfiniteScroll_Swift-Bridging-Header.h";
			};
			name = Release;
		};
/* End XCBuildConfiguration section */

/* Begin XCConfigurationList section */
		165E67E41D1E6F81006A554A /* Build configuration list for PBXProject "FJInfiniteScroll_Swift" */ = {
			isa = XCConfigurationList;
			buildConfigurations = (
				165E67F91D1E6F81006A554A /* Debug */,
				165E67FA1D1E6F81006A554A /* Release */,
			);
			defaultConfigurationIsVisible = 0;
			defaultConfigurationName = Release;
		};
		165E67FB1D1E6F81006A554A /* Build configuration list for PBXNativeTarget "FJInfiniteScroll_Swift" */ = {
			isa = XCConfigurationList;
			buildConfigurations = (
				165E67FC1D1E6F81006A554A /* Debug */,
				165E67FD1D1E6F81006A554A /* Release */,
			);
			defaultConfigurationIsVisible = 0;
			defaultConfigurationName = Release;
		};
/* End XCConfigurationList section */
	};
	rootObject = 165E67E11D1E6F81006A554A /* Project object */;
}
